
Microsoft Visual Studio Solution File, Format Version 12.00
# Visual Studio Version 16
VisualStudioVersion = 16.0.29123.88
MinimumVisualStudioVersion = 10.0.40219.1
Project("{FAE04EC0-301F-11D3-BF4B-00C04F79EFBC}") = "NominasMDI", "NominasMDI\NominasMDI.csproj", "{5A756462-61F5-40A0-8252-E67ABF2A533E}"
EndProject
Global
	GlobalSection(SolutionConfigurationPlatforms) = preSolution
		Debug|Any CPU = Debug|Any CPU
		Release|Any CPU = Release|Any CPU
	EndGlobalSection
	GlobalSection(ProjectConfigurationPlatforms) = postSolution
		{5A756462-61F5-40A0-8252-E67ABF2A533E}.Debug|Any CPU.ActiveCfg = Debug|Any CPU
		{5A756462-61F5-40A0-8252-E67ABF2A533E}.Debug|Any CPU.Build.0 = Debug|Any CPU
		{5A756462-61F5-40A0-8252-E67ABF2A533E}.Release|Any CPU.ActiveCfg = Release|Any CPU
		{5A756462-61F5-40A0-8252-E67ABF2A533E}.Release|Any CPU.Build.0 = Release|Any CPU
	EndGlobalSection
	GlobalSection(SolutionProperties) = preSolution
		HideSolutionNode = FALSE
	EndGlobalSection
	GlobalSection(ExtensibilityGlobals) = postSolution
		SolutionGuid = {833E98E4-9062-4407-9189-209A23971F71}
	EndGlobalSection
EndGlobal
