
Microsoft Visual Studio Solution File, Format Version 12.00
# Visual Studio Version 16
VisualStudioVersion = 16.0.29123.88
MinimumVisualStudioVersion = 10.0.40219.1
Project("{FAE04EC0-301F-11D3-BF4B-00C04F79EFBC}") = "Lab2Vista", "Lab2Vista\Lab2Vista.csproj", "{549092C4-AF36-44CF-9BF0-BA50EB98C755}"
EndProject
Project("{FAE04EC0-301F-11D3-BF4B-00C04F79EFBC}") = "Lab2Modelo", "Lab2Modelo\Lab2Modelo.csproj", "{B4D1B3D9-730D-4C1E-B3AE-C96D18F4E965}"
EndProject
Project("{FAE04EC0-301F-11D3-BF4B-00C04F79EFBC}") = "Lab2Controlador", "Lab2Controlador\Lab2Controlador.csproj", "{B6DD2AD1-C1AF-4A75-BA03-BF4C49CBEAC2}"
EndProject
Global
	GlobalSection(SolutionConfigurationPlatforms) = preSolution
		Debug|Any CPU = Debug|Any CPU
		Release|Any CPU = Release|Any CPU
	EndGlobalSection
	GlobalSection(ProjectConfigurationPlatforms) = postSolution
		{549092C4-AF36-44CF-9BF0-BA50EB98C755}.Debug|Any CPU.ActiveCfg = Debug|Any CPU
		{549092C4-AF36-44CF-9BF0-BA50EB98C755}.Debug|Any CPU.Build.0 = Debug|Any CPU
		{549092C4-AF36-44CF-9BF0-BA50EB98C755}.Release|Any CPU.ActiveCfg = Release|Any CPU
		{549092C4-AF36-44CF-9BF0-BA50EB98C755}.Release|Any CPU.Build.0 = Release|Any CPU
		{B4D1B3D9-730D-4C1E-B3AE-C96D18F4E965}.Debug|Any CPU.ActiveCfg = Debug|Any CPU
		{B4D1B3D9-730D-4C1E-B3AE-C96D18F4E965}.Debug|Any CPU.Build.0 = Debug|Any CPU
		{B4D1B3D9-730D-4C1E-B3AE-C96D18F4E965}.Release|Any CPU.ActiveCfg = Release|Any CPU
		{B4D1B3D9-730D-4C1E-B3AE-C96D18F4E965}.Release|Any CPU.Build.0 = Release|Any CPU
		{B6DD2AD1-C1AF-4A75-BA03-BF4C49CBEAC2}.Debug|Any CPU.ActiveCfg = Debug|Any CPU
		{B6DD2AD1-C1AF-4A75-BA03-BF4C49CBEAC2}.Debug|Any CPU.Build.0 = Debug|Any CPU
		{B6DD2AD1-C1AF-4A75-BA03-BF4C49CBEAC2}.Release|Any CPU.ActiveCfg = Release|Any CPU
		{B6DD2AD1-C1AF-4A75-BA03-BF4C49CBEAC2}.Release|Any CPU.Build.0 = Release|Any CPU
	EndGlobalSection
	GlobalSection(SolutionProperties) = preSolution
		HideSolutionNode = FALSE
	EndGlobalSection
	GlobalSection(ExtensibilityGlobals) = postSolution
		SolutionGuid = {C846AF99-FB79-40CD-B824-ADD4ED3204B1}
	EndGlobalSection
EndGlobal
